
Microsoft Visual Studio Solution File, Format Version 12.00
# Visual Studio Version 17
VisualStudioVersion = 17.5.002.0
MinimumVisualStudioVersion = 10.0.40219.1
Project("{9A19103F-16F7-4668-BE54-9A1E7A4F7556}") = "FormulaOneK8S", "FormulaOneK8S.csproj", "{2E935A42-07B1-4AFF-A863-5EA710063D10}"
EndProject
Global
	GlobalSection(SolutionConfigurationPlatforms) = preSolution
		Debug|Any CPU = Debug|Any CPU
		Release|Any CPU = Release|Any CPU
	EndGlobalSection
	GlobalSection(ProjectConfigurationPlatforms) = postSolution
		{2E935A42-07B1-4AFF-A863-5EA710063D10}.Debug|Any CPU.ActiveCfg = Debug|Any CPU
		{2E935A42-07B1-4AFF-A863-5EA710063D10}.Debug|Any CPU.Build.0 = Debug|Any CPU
		{2E935A42-07B1-4AFF-A863-5EA710063D10}.Release|Any CPU.ActiveCfg = Release|Any CPU
		{2E935A42-07B1-4AFF-A863-5EA710063D10}.Release|Any CPU.Build.0 = Release|Any CPU
	EndGlobalSection
	GlobalSection(SolutionProperties) = preSolution
		HideSolutionNode = FALSE
	EndGlobalSection
	GlobalSection(ExtensibilityGlobals) = postSolution
		SolutionGuid = {849EB7D9-A92C-4040-B3F0-AF308B708B1A}
	EndGlobalSection
EndGlobal
