
Microsoft Visual Studio Solution File, Format Version 12.00
# Visual Studio Version 17
VisualStudioVersion = 17.5.002.0
MinimumVisualStudioVersion = 10.0.40219.1
Project("{9A19103F-16F7-4668-BE54-9A1E7A4F7556}") = "dotnet", "dotnet.csproj", "{BE3BC3B2-2281-4133-A9CB-F8E3F8C602F8}"
EndProject
Global
	GlobalSection(SolutionConfigurationPlatforms) = preSolution
		Debug|Any CPU = Debug|Any CPU
		Release|Any CPU = Release|Any CPU
	EndGlobalSection
	GlobalSection(ProjectConfigurationPlatforms) = postSolution
		{BE3BC3B2-2281-4133-A9CB-F8E3F8C602F8}.Debug|Any CPU.ActiveCfg = Debug|Any CPU
		{BE3BC3B2-2281-4133-A9CB-F8E3F8C602F8}.Debug|Any CPU.Build.0 = Debug|Any CPU
		{BE3BC3B2-2281-4133-A9CB-F8E3F8C602F8}.Release|Any CPU.ActiveCfg = Release|Any CPU
		{BE3BC3B2-2281-4133-A9CB-F8E3F8C602F8}.Release|Any CPU.Build.0 = Release|Any CPU
	EndGlobalSection
	GlobalSection(SolutionProperties) = preSolution
		HideSolutionNode = FALSE
	EndGlobalSection
	GlobalSection(ExtensibilityGlobals) = postSolution
		SolutionGuid = {1477EEBF-C513-4E6A-8841-7503F83C40E7}
	EndGlobalSection
EndGlobal
